
Microsoft Visual Studio Solution File, Format Version 12.00
# Visual Studio 15
VisualStudioVersion = 15.0.28307.421
MinimumVisualStudioVersion = 10.0.40219.1
Project("{FAE04EC0-301F-11D3-BF4B-00C04F79EFBC}") = "ProductosClientes", "ProductosClientes\ProductosClientes.csproj", "{0CE7A52E-EE67-4334-A3EE-75E50859ADBE}"
EndProject
Global
	GlobalSection(SolutionConfigurationPlatforms) = preSolution
		Debug|Any CPU = Debug|Any CPU
		Release|Any CPU = Release|Any CPU
	EndGlobalSection
	GlobalSection(ProjectConfigurationPlatforms) = postSolution
		{0CE7A52E-EE67-4334-A3EE-75E50859ADBE}.Debug|Any CPU.ActiveCfg = Debug|Any CPU
		{0CE7A52E-EE67-4334-A3EE-75E50859ADBE}.Debug|Any CPU.Build.0 = Debug|Any CPU
		{0CE7A52E-EE67-4334-A3EE-75E50859ADBE}.Release|Any CPU.ActiveCfg = Release|Any CPU
		{0CE7A52E-EE67-4334-A3EE-75E50859ADBE}.Release|Any CPU.Build.0 = Release|Any CPU
	EndGlobalSection
	GlobalSection(SolutionProperties) = preSolution
		HideSolutionNode = FALSE
	EndGlobalSection
	GlobalSection(ExtensibilityGlobals) = postSolution
		SolutionGuid = {82A10B96-FEAF-4F37-BDFD-06EB2A9F40C7}
	EndGlobalSection
EndGlobal
